// !$*UTF8*$!
{
	archiveVersion = 1;
	classes = {
	};
	objectVersion = 46;
	objects = {

/* Begin PBXBuildFile section */
		FBBF5E3B1E41653A002F41A0 /* AppDelegate.swift in Sources */ = {isa = PBXBuildFile; fileRef = FBBF5E3A1E41653A002F41A0 /* AppDelegate.swift */; };
		FBBF5E3D1E41653A002F41A0 /* ViewController.swift in Sources */ = {isa = PBXBuildFile; fileRef = FBBF5E3C1E41653A002F41A0 /* ViewController.swift */; };
		FBBF5E401E41653A002F41A0 /* Main.storyboard in Resources */ = {isa = PBXBuildFile; fileRef = FBBF5E3E1E41653A002F41A0 /* Main.storyboard */; };
		FBBF5E421E41653A002F41A0 /* Assets.xcassets in Resources */ = {isa = PBXBuildFile; fileRef = FBBF5E411E41653A002F41A0 /* Assets.xcassets */; };
		FBBF5E451E41653A002F41A0 /* LaunchScreen.storyboard in Resources */ = {isa = PBXBuildFile; fileRef = FBBF5E431E41653A002F41A0 /* LaunchScreen.storyboard */; };
		FBBF5E6B1E416E79002F41A0 /* NuevoViewController.swift in Sources */ = {isa = PBXBuildFile; fileRef = FBBF5E6A1E416E79002F41A0 /* NuevoViewController.swift */; };
/* End PBXBuildFile section */

/* Begin PBXFileReference section */
		FBBF5E371E41653A002F41A0 /* navigation.app */ = {isa = PBXFileReference; explicitFileType = wrapper.application; includeInIndex = 0; path = navigation.app; sourceTree = BUILT_PRODUCTS_DIR; };
		FBBF5E3A1E41653A002F41A0 /* AppDelegate.swift */ = {isa = PBXFileReference; lastKnownFileType = sourcecode.swift; path = AppDelegate.swift; sourceTree = "<group>"; };
		FBBF5E3C1E41653A002F41A0 /* ViewController.swift */ = {isa = PBXFileReference; lastKnownFileType = sourcecode.swift; path = ViewController.swift; sourceTree = "<group>"; };
		FBBF5E3F1E41653A002F41A0 /* Base */ = {isa = PBXFileReference; lastKnownFileType = file.storyboard; name = Base; path = Base.lproj/Main.storyboard; sourceTree = "<group>"; };
		FBBF5E411E41653A002F41A0 /* Assets.xcassets */ = {isa = PBXFileReference; lastKnownFileType = folder.assetcatalog; path = Assets.xcassets; sourceTree = "<group>"; };
		FBBF5E441E41653A002F41A0 /* Base */ = {isa = PBXFileReference; lastKnownFileType = file.storyboard; name = Base; path = Base.lproj/LaunchScreen.storyboard; sourceTree = "<group>"; };
		FBBF5E461E41653A002F41A0 /* Info.plist */ = {isa = PBXFileReference; lastKnownFileType = text.plist.xml; path = Info.plist; sourceTree = "<group>"; };
		FBBF5E6A1E416E79002F41A0 /* NuevoViewController.swift */ = {isa = PBXFileReference; fileEncoding = 4; lastKnownFileType = sourcecode.swift; path = NuevoViewController.swift; sourceTree = "<group>"; };
/* End PBXFileReference section */

/* Begin PBXFrameworksBuildPhase section */
		FBBF5E341E41653A002F41A0 /* Frameworks */ = {
			isa = PBXFrameworksBuildPhase;
			buildActionMask = 2147483647;
			files = (
			);
			runOnlyForDeploymentPostprocessing = 0;
		};
/* End PBXFrameworksBuildPhase section */

/* Begin PBXGroup section */
		FBBF5E2E1E41653A002F41A0 = {
			isa = PBXGroup;
			children = (
				FBBF5E391E41653A002F41A0 /* navigation */,
				FBBF5E381E41653A002F41A0 /* Products */,
			);
			sourceTree = "<group>";
		};
		FBBF5E381E41653A002F41A0 /* Products */ = {
			isa = PBXGroup;
			children = (
				FBBF5E371E41653A002F41A0 /* navigation.app */,
			);
			name = Products;
			sourceTree = "<group>";
		};
		FBBF5E391E41653A002F41A0 /* navigation */ = {
			isa = PBXGroup;
			children = (
				FBBF5E3A1E41653A002F41A0 /* AppDelegate.swift */,
				FBBF5E3C1E41653A002F41A0 /* ViewController.swift */,
				FBBF5E3E1E41653A002F41A0 /* Main.storyboard */,
				FBBF5E411E41653A002F41A0 /* Assets.xcassets */,
				FBBF5E431E41653A002F41A0 /* LaunchScreen.storyboard */,
				FBBF5E461E41653A002F41A0 /* Info.plist */,
				FBBF5E6A1E416E79002F41A0 /* NuevoViewController.swift */,
			);
			path = navigation;
			sourceTree = "<group>";
		};
/* End PBXGroup section */

/* Begin PBXNativeTarget section */
		FBBF5E361E41653A002F41A0 /* navigation */ = {
			isa = PBXNativeTarget;
			buildConfigurationList = FBBF5E491E41653A002F41A0 /* Build configuration list for PBXNativeTarget "navigation" */;
			buildPhases = (
				FBBF5E331E41653A002F41A0 /* Sources */,
				FBBF5E341E41653A002F41A0 /* Frameworks */,
				FBBF5E351E41653A002F41A0 /* Resources */,
			);
			buildRules = (
			);
			dependencies = (
			);
			name = navigation;
			productName = navigation;
			productReference = FBBF5E371E41653A002F41A0 /* navigation.app */;
			productType = "com.apple.product-type.application";
		};
/* End PBXNativeTarget section */

/* Begin PBXProject section */
		FBBF5E2F1E41653A002F41A0 /* Project object */ = {
			isa = PBXProject;
			attributes = {
				LastSwiftUpdateCheck = 0800;
				LastUpgradeCheck = 0800;
				ORGANIZATIONNAME = alumno;
				TargetAttributes = {
					FBBF5E361E41653A002F41A0 = {
						CreatedOnToolsVersion = 8.0;
						ProvisioningStyle = Automatic;
					};
				};
			};
			buildConfigurationList = FBBF5E321E41653A002F41A0 /* Build configuration list for PBXProject "navigation" */;
			compatibilityVersion = "Xcode 3.2";
			developmentRegion = English;
			hasScannedForEncodings = 0;
			knownRegions = (
				en,
				Base,
			);
			mainGroup = FBBF5E2E1E41653A002F41A0;
			productRefGroup = FBBF5E381E41653A002F41A0 /* Products */;
			projectDirPath = "";
			projectRoot = "";
			targets = (
				FBBF5E361E41653A002F41A0 /* navigation */,
			);
		};
/* End PBXProject section */

/* Begin PBXResourcesBuildPhase section */
		FBBF5E351E41653A002F41A0 /* Resources */ = {
			isa = PBXResourcesBuildPhase;
			buildActionMask = 2147483647;
			files = (
				FBBF5E451E41653A002F41A0 /* LaunchScreen.storyboard in Resources */,
				FBBF5E421E41653A002F41A0 /* Assets.xcassets in Resources */,
				FBBF5E401E41653A002F41A0 /* Main.storyboard in Resources */,
			);
			runOnlyForDeploymentPostprocessing = 0;
		};
/* End PBXResourcesBuildPhase section */

/* Begin PBXSourcesBuildPhase section */
		FBBF5E331E41653A002F41A0 /* Sources */ = {
			isa = PBXSourcesBuildPhase;
			buildActionMask = 2147483647;
			files = (
				FBBF5E6B1E416E79002F41A0 /* NuevoViewController.swift in Sources */,
				FBBF5E3D1E41653A002F41A0 /* ViewController.swift in Sources */,
				FBBF5E3B1E41653A002F41A0 /* AppDelegate.swift in Sources */,
			);
			runOnlyForDeploymentPostprocessing = 0;
		};
/* End PBXSourcesBuildPhase section */

/* Begin PBXVariantGroup section */
		FBBF5E3E1E41653A002F41A0 /* Main.storyboard */ = {
			isa = PBXVariantGroup;
			children = (
				FBBF5E3F1E41653A002F41A0 /* Base */,
			);
			name = Main.storyboard;
			sourceTree = "<group>";
		};
		FBBF5E431E41653A002F41A0 /* LaunchScreen.storyboard */ = {
			isa = PBXVariantGroup;
			children = (
				FBBF5E441E41653A002F41A0 /* Base */,
			);
			name = LaunchScreen.storyboard;
			sourceTree = "<group>";
		};
/* End PBXVariantGroup section */

/* Begin XCBuildConfiguration section */
		FBBF5E471E41653A002F41A0 /* Debug */ = {
			isa = XCBuildConfiguration;
			buildSettings = {
				ALWAYS_SEARCH_USER_PATHS = NO;
				CLANG_ANALYZER_NONNULL = YES;
				CLANG_CXX_LANGUAGE_STANDARD = "gnu++0x";
				CLANG_CXX_LIBRARY = "libc++";
				CLANG_ENABLE_MODULES = YES;
				CLANG_ENABLE_OBJC_ARC = YES;
				CLANG_WARN_BOOL_CONVERSION = YES;
				CLANG_WARN_CONSTANT_CONVERSION = YES;
				CLANG_WARN_DIRECT_OBJC_ISA_USAGE = YES_ERROR;
				CLANG_WARN_DOCUMENTATION_COMMENTS = YES;
				CLANG_WARN_EMPTY_BODY = YES;
				CLANG_WARN_ENUM_CONVERSION = YES;
				CLANG_WARN_INFINITE_RECURSION = YES;
				CLANG_WARN_INT_CONVERSION = YES;
				CLANG_WARN_OBJC_ROOT_CLASS = YES_ERROR;
				CLANG_WARN_SUSPICIOUS_MOVES = YES;
				CLANG_WARN_UNREACHABLE_CODE = YES;
				CLANG_WARN__DUPLICATE_METHOD_MATCH = YES;
				"CODE_SIGN_IDENTITY[sdk=iphoneos*]" = "iPhone Developer";
				COPY_PHASE_STRIP = NO;
				DEBUG_INFORMATION_FORMAT = dwarf;
				ENABLE_STRICT_OBJC_MSGSEND = YES;
				ENABLE_TESTABILITY = YES;
				GCC_C_LANGUAGE_STANDARD = gnu99;
				GCC_DYNAMIC_NO_PIC = NO;
				GCC_NO_COMMON_BLOCKS = YES;
				GCC_OPTIMIZATION_LEVEL = 0;
				GCC_PREPROCESSOR_DEFINITIONS = (
					"DEBUG=1",
					"$(inherited)",
				);
				GCC_WARN_64_TO_32_BIT_CONVERSION = YES;
				GCC_WARN_ABOUT_RETURN_TYPE = YES_ERROR;
				GCC_WARN_UNDECLARED_SELECTOR = YES;
				GCC_WARN_UNINITIALIZED_AUTOS = YES_AGGRESSIVE;
				GCC_WARN_UNUSED_FUNCTION = YES;
				GCC_WARN_UNUSED_VARIABLE = YES;
				IPHONEOS_DEPLOYMENT_TARGET = 10.0;
				MTL_ENABLE_DEBUG_INFO = YES;
				ONLY_ACTIVE_ARCH = YES;
				SDKROOT = iphoneos;
				SWIFT_ACTIVE_COMPILATION_CONDITIONS = DEBUG;
				SWIFT_OPTIMIZATION_LEVEL = "-Onone";
			};
			name = Debug;
		};
		FBBF5E481E41653A002F41A0 /* Release */ = {
			isa = XCBuildConfiguration;
			buildSettings = {
				ALWAYS_SEARCH_USER_PATHS = NO;
				CLANG_ANALYZER_NONNULL = YES;
				CLANG_CXX_LANGUAGE_STANDARD = "gnu++0x";
				CLANG_CXX_LIBRARY = "libc++";
				CLANG_ENABLE_MODULES = YES;
				CLANG_ENABLE_OBJC_ARC = YES;
				CLANG_WARN_BOOL_CONVERSION = YES;
				CLANG_WARN_CONSTANT_CONVERSION = YES;
				CLANG_WARN_DIRECT_OBJC_ISA_USAGE = YES_ERROR;
				CLANG_WARN_DOCUMENTATION_COMMENTS = YES;
				CLANG_WARN_EMPTY_BODY = YES;
				CLANG_WARN_ENUM_CONVERSION = YES;
				CLANG_WARN_INFINITE_RECURSION = YES;
				CLANG_WARN_INT_CONVERSION = YES;
				CLANG_WARN_OBJC_ROOT_CLASS = YES_ERROR;
				CLANG_WARN_SUSPICIOUS_MOVES = YES;
				CLANG_WARN_UNREACHABLE_CODE = YES;
				CLANG_WARN__DUPLICATE_METHOD_MATCH = YES;
				"CODE_SIGN_IDENTITY[sdk=iphoneos*]" = "iPhone Developer";
				COPY_PHASE_STRIP = NO;
				DEBUG_INFORMATION_FORMAT = "dwarf-with-dsym";
				ENABLE_NS_ASSERTIONS = NO;
				ENABLE_STRICT_OBJC_MSGSEND = YES;
				GCC_C_LANGUAGE_STANDARD = gnu99;
				GCC_NO_COMMON_BLOCKS = YES;
				GCC_WARN_64_TO_32_BIT_CONVERSION = YES;
				GCC_WARN_ABOUT_RETURN_TYPE = YES_ERROR;
				GCC_WARN_UNDECLARED_SELECTOR = YES;
				GCC_WARN_UNINITIALIZED_AUTOS = YES_AGGRESSIVE;
				GCC_WARN_UNUSED_FUNCTION = YES;
				GCC_WARN_UNUSED_VARIABLE = YES;
				IPHONEOS_DEPLOYMENT_TARGET = 10.0;
				MTL_ENABLE_DEBUG_INFO = NO;
				SDKROOT = iphoneos;
				SWIFT_OPTIMIZATION_LEVEL = "-Owholemodule";
				VALIDATE_PRODUCT = YES;
			};
			name = Release;
		};
		FBBF5E4A1E41653A002F41A0 /* Debug */ = {
			isa = XCBuildConfiguration;
			buildSettings = {
				ASSETCATALOG_COMPILER_APPICON_NAME = AppIcon;
				INFOPLIST_FILE = navigation/Info.plist;
				LD_RUNPATH_SEARCH_PATHS = "$(inherited) @executable_path/Frameworks";
				PRODUCT_BUNDLE_IDENTIFIER = pe.Area51.navigation;
				PRODUCT_NAME = "$(TARGET_NAME)";
				SWIFT_VERSION = 3.0;
			};
			name = Debug;
		};
		FBBF5E4B1E41653A002F41A0 /* Release */ = {
			isa = XCBuildConfiguration;
			buildSettings = {
				ASSETCATALOG_COMPILER_APPICON_NAME = AppIcon;
				INFOPLIST_FILE = navigation/Info.plist;
				LD_RUNPATH_SEARCH_PATHS = "$(inherited) @executable_path/Frameworks";
				PRODUCT_BUNDLE_IDENTIFIER = pe.Area51.navigation;
				PRODUCT_NAME = "$(TARGET_NAME)";
				SWIFT_VERSION = 3.0;
			};
			name = Release;
		};
/* End XCBuildConfiguration section */

/* Begin XCConfigurationList section */
		FBBF5E321E41653A002F41A0 /* Build configuration list for PBXProject "navigation" */ = {
			isa = XCConfigurationList;
			buildConfigurations = (
				FBBF5E471E41653A002F41A0 /* Debug */,
				FBBF5E481E41653A002F41A0 /* Release */,
			);
			defaultConfigurationIsVisible = 0;
			defaultConfigurationName = Release;
		};
		FBBF5E491E41653A002F41A0 /* Build configuration list for PBXNativeTarget "navigation" */ = {
			isa = XCConfigurationList;
			buildConfigurations = (
				FBBF5E4A1E41653A002F41A0 /* Debug */,
				FBBF5E4B1E41653A002F41A0 /* Release */,
			);
			defaultConfigurationIsVisible = 0;
			defaultConfigurationName = Release;
		};
/* End XCConfigurationList section */
	};
	rootObject = FBBF5E2F1E41653A002F41A0 /* Project object */;
}
